
Microsoft Visual Studio Solution File, Format Version 12.00
# Visual Studio 2012
Project("{FAE04EC0-301F-11D3-BF4B-00C04F79EFBC}") = "CrawlCore", "CrawlCore\CrawlCore.csproj", "{D0DBAE35-16A1-4BA3-8F9A-9EA2F91CA0F5}"
EndProject
Project("{FAE04EC0-301F-11D3-BF4B-00C04F79EFBC}") = "InvenCrawler", "InvenCrawler\InvenCrawler.csproj", "{A7661B9F-53DA-42BB-91C6-F94CB8A3E816}"
EndProject
Project("{FAE04EC0-301F-11D3-BF4B-00C04F79EFBC}") = "DatabaseCore", "DatabaseCore\DatabaseCore.csproj", "{F65FE899-327D-43AE-AB2D-1FF091CA65D3}"
EndProject
Project("{FAE04EC0-301F-11D3-BF4B-00C04F79EFBC}") = "CommonHelper", "CommonHelper\CommonHelper.csproj", "{D13E702F-5EB2-4065-BCE5-0543987EEC92}"
EndProject
Global
	GlobalSection(SolutionConfigurationPlatforms) = preSolution
		Debug|Any CPU = Debug|Any CPU
		Release|Any CPU = Release|Any CPU
	EndGlobalSection
	GlobalSection(ProjectConfigurationPlatforms) = postSolution
		{D0DBAE35-16A1-4BA3-8F9A-9EA2F91CA0F5}.Debug|Any CPU.ActiveCfg = Debug|Any CPU
		{D0DBAE35-16A1-4BA3-8F9A-9EA2F91CA0F5}.Debug|Any CPU.Build.0 = Debug|Any CPU
		{D0DBAE35-16A1-4BA3-8F9A-9EA2F91CA0F5}.Release|Any CPU.ActiveCfg = Release|Any CPU
		{D0DBAE35-16A1-4BA3-8F9A-9EA2F91CA0F5}.Release|Any CPU.Build.0 = Release|Any CPU
		{A7661B9F-53DA-42BB-91C6-F94CB8A3E816}.Debug|Any CPU.ActiveCfg = Debug|Any CPU
		{A7661B9F-53DA-42BB-91C6-F94CB8A3E816}.Debug|Any CPU.Build.0 = Debug|Any CPU
		{A7661B9F-53DA-42BB-91C6-F94CB8A3E816}.Release|Any CPU.ActiveCfg = Release|Any CPU
		{A7661B9F-53DA-42BB-91C6-F94CB8A3E816}.Release|Any CPU.Build.0 = Release|Any CPU
		{F65FE899-327D-43AE-AB2D-1FF091CA65D3}.Debug|Any CPU.ActiveCfg = Debug|Any CPU
		{F65FE899-327D-43AE-AB2D-1FF091CA65D3}.Debug|Any CPU.Build.0 = Debug|Any CPU
		{F65FE899-327D-43AE-AB2D-1FF091CA65D3}.Release|Any CPU.ActiveCfg = Release|Any CPU
		{F65FE899-327D-43AE-AB2D-1FF091CA65D3}.Release|Any CPU.Build.0 = Release|Any CPU
		{D13E702F-5EB2-4065-BCE5-0543987EEC92}.Debug|Any CPU.ActiveCfg = Debug|Any CPU
		{D13E702F-5EB2-4065-BCE5-0543987EEC92}.Debug|Any CPU.Build.0 = Debug|Any CPU
		{D13E702F-5EB2-4065-BCE5-0543987EEC92}.Release|Any CPU.ActiveCfg = Release|Any CPU
		{D13E702F-5EB2-4065-BCE5-0543987EEC92}.Release|Any CPU.Build.0 = Release|Any CPU
	EndGlobalSection
	GlobalSection(SolutionProperties) = preSolution
		HideSolutionNode = FALSE
	EndGlobalSection
EndGlobal
